
Microsoft Visual Studio Solution File, Format Version 12.00
# Visual Studio Version 17
VisualStudioVersion = 17.14.36717.8 d17.14
MinimumVisualStudioVersion = 10.0.40219.1
Project("{FAE04EC0-301F-11D3-BF4B-00C04F79EFBC}") = "PrimeraAplicacion", "PrimeraAplicacion.csproj", "{18977502-F40D-42C4-AD1D-003B8803FE52}"
EndProject
Global
	GlobalSection(SolutionConfigurationPlatforms) = preSolution
		Debug|Any CPU = Debug|Any CPU
		Release|Any CPU = Release|Any CPU
	EndGlobalSection
	GlobalSection(ProjectConfigurationPlatforms) = postSolution
		{18977502-F40D-42C4-AD1D-003B8803FE52}.Debug|Any CPU.ActiveCfg = Debug|Any CPU
		{18977502-F40D-42C4-AD1D-003B8803FE52}.Debug|Any CPU.Build.0 = Debug|Any CPU
		{18977502-F40D-42C4-AD1D-003B8803FE52}.Release|Any CPU.ActiveCfg = Release|Any CPU
		{18977502-F40D-42C4-AD1D-003B8803FE52}.Release|Any CPU.Build.0 = Release|Any CPU
	EndGlobalSection
	GlobalSection(SolutionProperties) = preSolution
		HideSolutionNode = FALSE
	EndGlobalSection
	GlobalSection(ExtensibilityGlobals) = postSolution
		SolutionGuid = {77D2B99E-2A6A-48F1-B1F1-24B0380C4C1A}
	EndGlobalSection
EndGlobal
