
Microsoft Visual Studio Solution File, Format Version 12.00
# Visual Studio Version 17
VisualStudioVersion = 17.14.36717.8 d17.14
MinimumVisualStudioVersion = 10.0.40219.1
Project("{FAE04EC0-301F-11D3-BF4B-00C04F79EFBC}") = "ConceptosPOO", "ConceptosPOO.csproj", "{19A1E4E8-44C1-45D0-8942-0ABFCE8DF501}"
EndProject
Global
	GlobalSection(SolutionConfigurationPlatforms) = preSolution
		Debug|Any CPU = Debug|Any CPU
		Release|Any CPU = Release|Any CPU
	EndGlobalSection
	GlobalSection(ProjectConfigurationPlatforms) = postSolution
		{19A1E4E8-44C1-45D0-8942-0ABFCE8DF501}.Debug|Any CPU.ActiveCfg = Debug|Any CPU
		{19A1E4E8-44C1-45D0-8942-0ABFCE8DF501}.Debug|Any CPU.Build.0 = Debug|Any CPU
		{19A1E4E8-44C1-45D0-8942-0ABFCE8DF501}.Release|Any CPU.ActiveCfg = Release|Any CPU
		{19A1E4E8-44C1-45D0-8942-0ABFCE8DF501}.Release|Any CPU.Build.0 = Release|Any CPU
	EndGlobalSection
	GlobalSection(SolutionProperties) = preSolution
		HideSolutionNode = FALSE
	EndGlobalSection
	GlobalSection(ExtensibilityGlobals) = postSolution
		SolutionGuid = {9194B252-8020-4656-BFA3-69FE6305CB50}
	EndGlobalSection
EndGlobal
