
Microsoft Visual Studio Solution File, Format Version 12.00
# Visual Studio Version 17
VisualStudioVersion = 17.14.36717.8 d17.14
MinimumVisualStudioVersion = 10.0.40219.1
Project("{FAE04EC0-301F-11D3-BF4B-00C04F79EFBC}") = "DelegadosPredicadosLambdas27", "DelegadosPredicadosLambdas27.csproj", "{CDAC923F-6D3D-4F87-ABD1-4D9156A6CB2E}"
EndProject
Global
	GlobalSection(SolutionConfigurationPlatforms) = preSolution
		Debug|Any CPU = Debug|Any CPU
		Release|Any CPU = Release|Any CPU
	EndGlobalSection
	GlobalSection(ProjectConfigurationPlatforms) = postSolution
		{CDAC923F-6D3D-4F87-ABD1-4D9156A6CB2E}.Debug|Any CPU.ActiveCfg = Debug|Any CPU
		{CDAC923F-6D3D-4F87-ABD1-4D9156A6CB2E}.Debug|Any CPU.Build.0 = Debug|Any CPU
		{CDAC923F-6D3D-4F87-ABD1-4D9156A6CB2E}.Release|Any CPU.ActiveCfg = Release|Any CPU
		{CDAC923F-6D3D-4F87-ABD1-4D9156A6CB2E}.Release|Any CPU.Build.0 = Release|Any CPU
	EndGlobalSection
	GlobalSection(SolutionProperties) = preSolution
		HideSolutionNode = FALSE
	EndGlobalSection
	GlobalSection(ExtensibilityGlobals) = postSolution
		SolutionGuid = {4456752D-C197-4701-946B-00E15F2C33B3}
	EndGlobalSection
EndGlobal
