
Microsoft Visual Studio Solution File, Format Version 12.00
# Visual Studio Version 17
VisualStudioVersion = 17.14.36717.8 d17.14
MinimumVisualStudioVersion = 10.0.40219.1
Project("{FAE04EC0-301F-11D3-BF4B-00C04F79EFBC}") = "CondicionalIf", "CondicionalIf.csproj", "{CEFD49F1-ECD4-40F3-9CBB-832C8FB16EFA}"
EndProject
Global
	GlobalSection(SolutionConfigurationPlatforms) = preSolution
		Debug|Any CPU = Debug|Any CPU
		Release|Any CPU = Release|Any CPU
	EndGlobalSection
	GlobalSection(ProjectConfigurationPlatforms) = postSolution
		{CEFD49F1-ECD4-40F3-9CBB-832C8FB16EFA}.Debug|Any CPU.ActiveCfg = Debug|Any CPU
		{CEFD49F1-ECD4-40F3-9CBB-832C8FB16EFA}.Debug|Any CPU.Build.0 = Debug|Any CPU
		{CEFD49F1-ECD4-40F3-9CBB-832C8FB16EFA}.Release|Any CPU.ActiveCfg = Release|Any CPU
		{CEFD49F1-ECD4-40F3-9CBB-832C8FB16EFA}.Release|Any CPU.Build.0 = Release|Any CPU
	EndGlobalSection
	GlobalSection(SolutionProperties) = preSolution
		HideSolutionNode = FALSE
	EndGlobalSection
	GlobalSection(ExtensibilityGlobals) = postSolution
		SolutionGuid = {DC8985E0-96AD-43ED-9E92-C541BD8C39F6}
	EndGlobalSection
EndGlobal
