
Microsoft Visual Studio Solution File, Format Version 12.00
# Visual Studio Version 17
VisualStudioVersion = 17.14.36717.8 d17.14
MinimumVisualStudioVersion = 10.0.40219.1
Project("{FAE04EC0-301F-11D3-BF4B-00C04F79EFBC}") = "UsoChecked", "UsoChecked.csproj", "{8068AA47-3EFF-468F-8B41-A9692EF7523A}"
EndProject
Global
	GlobalSection(SolutionConfigurationPlatforms) = preSolution
		Debug|Any CPU = Debug|Any CPU
		Release|Any CPU = Release|Any CPU
	EndGlobalSection
	GlobalSection(ProjectConfigurationPlatforms) = postSolution
		{8068AA47-3EFF-468F-8B41-A9692EF7523A}.Debug|Any CPU.ActiveCfg = Debug|Any CPU
		{8068AA47-3EFF-468F-8B41-A9692EF7523A}.Debug|Any CPU.Build.0 = Debug|Any CPU
		{8068AA47-3EFF-468F-8B41-A9692EF7523A}.Release|Any CPU.ActiveCfg = Release|Any CPU
		{8068AA47-3EFF-468F-8B41-A9692EF7523A}.Release|Any CPU.Build.0 = Release|Any CPU
	EndGlobalSection
	GlobalSection(SolutionProperties) = preSolution
		HideSolutionNode = FALSE
	EndGlobalSection
	GlobalSection(ExtensibilityGlobals) = postSolution
		SolutionGuid = {82AD6977-E2C2-4DCB-BCA2-8077A80706A7}
	EndGlobalSection
EndGlobal
