
Microsoft Visual Studio Solution File, Format Version 12.00
# Visual Studio Version 17
VisualStudioVersion = 17.14.36717.8 d17.14
MinimumVisualStudioVersion = 10.0.40219.1
Project("{FAE04EC0-301F-11D3-BF4B-00C04F79EFBC}") = "ArraysAsParameters12", "ArraysAsParameters12.csproj", "{F4826CBA-2F78-482F-A330-BB2C2C611638}"
EndProject
Global
	GlobalSection(SolutionConfigurationPlatforms) = preSolution
		Debug|Any CPU = Debug|Any CPU
		Release|Any CPU = Release|Any CPU
	EndGlobalSection
	GlobalSection(ProjectConfigurationPlatforms) = postSolution
		{F4826CBA-2F78-482F-A330-BB2C2C611638}.Debug|Any CPU.ActiveCfg = Debug|Any CPU
		{F4826CBA-2F78-482F-A330-BB2C2C611638}.Debug|Any CPU.Build.0 = Debug|Any CPU
		{F4826CBA-2F78-482F-A330-BB2C2C611638}.Release|Any CPU.ActiveCfg = Release|Any CPU
		{F4826CBA-2F78-482F-A330-BB2C2C611638}.Release|Any CPU.Build.0 = Release|Any CPU
	EndGlobalSection
	GlobalSection(SolutionProperties) = preSolution
		HideSolutionNode = FALSE
	EndGlobalSection
	GlobalSection(ExtensibilityGlobals) = postSolution
		SolutionGuid = {C2A43B25-BABB-4092-81FA-AFAA3101260C}
	EndGlobalSection
EndGlobal
